
Microsoft Visual Studio Solution File, Format Version 12.00
# Visual Studio 15
VisualStudioVersion = 15.0.28307.539
MinimumVisualStudioVersion = 10.0.40219.1
Project("{FAE04EC0-301F-11D3-BF4B-00C04F79EFBC}") = "Movies", "Movies\Movies.csproj", "{9D3A9829-5F5C-44EF-8BAF-AD63F9B7C771}"
EndProject
Global
	GlobalSection(SolutionConfigurationPlatforms) = preSolution
		Debug|Any CPU = Debug|Any CPU
		Release|Any CPU = Release|Any CPU
	EndGlobalSection
	GlobalSection(ProjectConfigurationPlatforms) = postSolution
		{9D3A9829-5F5C-44EF-8BAF-AD63F9B7C771}.Debug|Any CPU.ActiveCfg = Debug|Any CPU
		{9D3A9829-5F5C-44EF-8BAF-AD63F9B7C771}.Debug|Any CPU.Build.0 = Debug|Any CPU
		{9D3A9829-5F5C-44EF-8BAF-AD63F9B7C771}.Release|Any CPU.ActiveCfg = Release|Any CPU
		{9D3A9829-5F5C-44EF-8BAF-AD63F9B7C771}.Release|Any CPU.Build.0 = Release|Any CPU
	EndGlobalSection
	GlobalSection(SolutionProperties) = preSolution
		HideSolutionNode = FALSE
	EndGlobalSection
	GlobalSection(ExtensibilityGlobals) = postSolution
		SolutionGuid = {9D13FE60-E7B1-4F09-BD8E-9E7E8D8E53B5}
	EndGlobalSection
EndGlobal
